// !$*UTF8*$!
{
	archiveVersion = 1;
	classes = {
	};
	objectVersion = 56;
	objects = {

/* Begin PBXBuildFile section */
		9372E8A828C17B1400CDAD51 /* AppDelegate.swift in Sources */ = {isa = PBXBuildFile; fileRef = 9372E8A728C17B1400CDAD51 /* AppDelegate.swift */; };
		9372E8AA28C17B1400CDAD51 /* SceneDelegate.swift in Sources */ = {isa = PBXBuildFile; fileRef = 9372E8A928C17B1400CDAD51 /* SceneDelegate.swift */; };
		9372E8AC28C17B1400CDAD51 /* ViewController.swift in Sources */ = {isa = PBXBuildFile; fileRef = 9372E8AB28C17B1400CDAD51 /* ViewController.swift */; };
		9372E8AF28C17B1400CDAD51 /* Main.storyboard in Resources */ = {isa = PBXBuildFile; fileRef = 9372E8AD28C17B1400CDAD51 /* Main.storyboard */; };
		9372E8B128C17B1700CDAD51 /* Assets.xcassets in Resources */ = {isa = PBXBuildFile; fileRef = 9372E8B028C17B1700CDAD51 /* Assets.xcassets */; };
		9372E8B428C17B1700CDAD51 /* LaunchScreen.storyboard in Resources */ = {isa = PBXBuildFile; fileRef = 9372E8B228C17B1700CDAD51 /* LaunchScreen.storyboard */; };
		9372E8BF28C17B1800CDAD51 /* PreworkTests.swift in Sources */ = {isa = PBXBuildFile; fileRef = 9372E8BE28C17B1800CDAD51 /* PreworkTests.swift */; };
		9372E8C928C17B1800CDAD51 /* PreworkUITests.swift in Sources */ = {isa = PBXBuildFile; fileRef = 9372E8C828C17B1800CDAD51 /* PreworkUITests.swift */; };
		9372E8CB28C17B1800CDAD51 /* PreworkUITestsLaunchTests.swift in Sources */ = {isa = PBXBuildFile; fileRef = 9372E8CA28C17B1800CDAD51 /* PreworkUITestsLaunchTests.swift */; };
/* End PBXBuildFile section */

/* Begin PBXContainerItemProxy section */
		9372E8BB28C17B1800CDAD51 /* PBXContainerItemProxy */ = {
			isa = PBXContainerItemProxy;
			containerPortal = 9372E89C28C17B1400CDAD51 /* Project object */;
			proxyType = 1;
			remoteGlobalIDString = 9372E8A328C17B1400CDAD51;
			remoteInfo = Prework;
		};
		9372E8C528C17B1800CDAD51 /* PBXContainerItemProxy */ = {
			isa = PBXContainerItemProxy;
			containerPortal = 9372E89C28C17B1400CDAD51 /* Project object */;
			proxyType = 1;
			remoteGlobalIDString = 9372E8A328C17B1400CDAD51;
			remoteInfo = Prework;
		};
/* End PBXContainerItemProxy section */

/* Begin PBXFileReference section */
		9372E8A428C17B1400CDAD51 /* Prework.app */ = {isa = PBXFileReference; explicitFileType = wrapper.application; includeInIndex = 0; path = Prework.app; sourceTree = BUILT_PRODUCTS_DIR; };
		9372E8A728C17B1400CDAD51 /* AppDelegate.swift */ = {isa = PBXFileReference; lastKnownFileType = sourcecode.swift; path = AppDelegate.swift; sourceTree = "<group>"; };
		9372E8A928C17B1400CDAD51 /* SceneDelegate.swift */ = {isa = PBXFileReference; lastKnownFileType = sourcecode.swift; path = SceneDelegate.swift; sourceTree = "<group>"; };
		9372E8AB28C17B1400CDAD51 /* ViewController.swift */ = {isa = PBXFileReference; lastKnownFileType = sourcecode.swift; path = ViewController.swift; sourceTree = "<group>"; };
		9372E8AE28C17B1400CDAD51 /* Base */ = {isa = PBXFileReference; lastKnownFileType = file.storyboard; name = Base; path = Base.lproj/Main.storyboard; sourceTree = "<group>"; };
		9372E8B028C17B1700CDAD51 /* Assets.xcassets */ = {isa = PBXFileReference; lastKnownFileType = folder.assetcatalog; path = Assets.xcassets; sourceTree = "<group>"; };
		9372E8B328C17B1700CDAD51 /* Base */ = {isa = PBXFileReference; lastKnownFileType = file.storyboard; name = Base; path = Base.lproj/LaunchScreen.storyboard; sourceTree = "<group>"; };
		9372E8B528C17B1700CDAD51 /* Info.plist */ = {isa = PBXFileReference; lastKnownFileType = text.plist.xml; path = Info.plist; sourceTree = "<group>"; };
		9372E8BA28C17B1800CDAD51 /* PreworkTests.xctest */ = {isa = PBXFileReference; explicitFileType = wrapper.cfbundle; includeInIndex = 0; path = PreworkTests.xctest; sourceTree = BUILT_PRODUCTS_DIR; };
		9372E8BE28C17B1800CDAD51 /* PreworkTests.swift */ = {isa = PBXFileReference; lastKnownFileType = sourcecode.swift; path = PreworkTests.swift; sourceTree = "<group>"; };
		9372E8C428C17B1800CDAD51 /* PreworkUITests.xctest */ = {isa = PBXFileReference; explicitFileType = wrapper.cfbundle; includeInIndex = 0; path = PreworkUITests.xctest; sourceTree = BUILT_PRODUCTS_DIR; };
		9372E8C828C17B1800CDAD51 /* PreworkUITests.swift */ = {isa = PBXFileReference; lastKnownFileType = sourcecode.swift; path = PreworkUITests.swift; sourceTree = "<group>"; };
		9372E8CA28C17B1800CDAD51 /* PreworkUITestsLaunchTests.swift */ = {isa = PBXFileReference; lastKnownFileType = sourcecode.swift; path = PreworkUITestsLaunchTests.swift; sourceTree = "<group>"; };
/* End PBXFileReference section */

/* Begin PBXFrameworksBuildPhase section */
		9372E8A128C17B1400CDAD51 /* Frameworks */ = {
			isa = PBXFrameworksBuildPhase;
			buildActionMask = 2147483647;
			files = (
			);
			runOnlyForDeploymentPostprocessing = 0;
		};
		9372E8B728C17B1800CDAD51 /* Frameworks */ = {
			isa = PBXFrameworksBuildPhase;
			buildActionMask = 2147483647;
			files = (
			);
			runOnlyForDeploymentPostprocessing = 0;
		};
		9372E8C128C17B1800CDAD51 /* Frameworks */ = {
			isa = PBXFrameworksBuildPhase;
			buildActionMask = 2147483647;
			files = (
			);
			runOnlyForDeploymentPostprocessing = 0;
		};
/* End PBXFrameworksBuildPhase section */

/* Begin PBXGroup section */
		9372E89B28C17B1400CDAD51 = {
			isa = PBXGroup;
			children = (
				9372E8A628C17B1400CDAD51 /* Prework */,
				9372E8BD28C17B1800CDAD51 /* PreworkTests */,
				9372E8C728C17B1800CDAD51 /* PreworkUITests */,
				9372E8A528C17B1400CDAD51 /* Products */,
			);
			sourceTree = "<group>";
		};
		9372E8A528C17B1400CDAD51 /* Products */ = {
			isa = PBXGroup;
			children = (
				9372E8A428C17B1400CDAD51 /* Prework.app */,
				9372E8BA28C17B1800CDAD51 /* PreworkTests.xctest */,
				9372E8C428C17B1800CDAD51 /* PreworkUITests.xctest */,
			);
			name = Products;
			sourceTree = "<group>";
		};
		9372E8A628C17B1400CDAD51 /* Prework */ = {
			isa = PBXGroup;
			children = (
				9372E8A728C17B1400CDAD51 /* AppDelegate.swift */,
				9372E8A928C17B1400CDAD51 /* SceneDelegate.swift */,
				9372E8AB28C17B1400CDAD51 /* ViewController.swift */,
				9372E8AD28C17B1400CDAD51 /* Main.storyboard */,
				9372E8B028C17B1700CDAD51 /* Assets.xcassets */,
				9372E8B228C17B1700CDAD51 /* LaunchScreen.storyboard */,
				9372E8B528C17B1700CDAD51 /* Info.plist */,
			);
			path = Prework;
			sourceTree = "<group>";
		};
		9372E8BD28C17B1800CDAD51 /* PreworkTests */ = {
			isa = PBXGroup;
			children = (
				9372E8BE28C17B1800CDAD51 /* PreworkTests.swift */,
			);
			path = PreworkTests;
			sourceTree = "<group>";
		};
		9372E8C728C17B1800CDAD51 /* PreworkUITests */ = {
			isa = PBXGroup;
			children = (
				9372E8C828C17B1800CDAD51 /* PreworkUITests.swift */,
				9372E8CA28C17B1800CDAD51 /* PreworkUITestsLaunchTests.swift */,
			);
			path = PreworkUITests;
			sourceTree = "<group>";
		};
/* End PBXGroup section */

/* Begin PBXNativeTarget section */
		9372E8A328C17B1400CDAD51 /* Prework */ = {
			isa = PBXNativeTarget;
			buildConfigurationList = 9372E8CE28C17B1800CDAD51 /* Build configuration list for PBXNativeTarget "Prework" */;
			buildPhases = (
				9372E8A028C17B1400CDAD51 /* Sources */,
				9372E8A128C17B1400CDAD51 /* Frameworks */,
				9372E8A228C17B1400CDAD51 /* Resources */,
			);
			buildRules = (
			);
			dependencies = (
			);
			name = Prework;
			productName = Prework;
			productReference = 9372E8A428C17B1400CDAD51 /* Prework.app */;
			productType = "com.apple.product-type.application";
		};
		9372E8B928C17B1800CDAD51 /* PreworkTests */ = {
			isa = PBXNativeTarget;
			buildConfigurationList = 9372E8D128C17B1800CDAD51 /* Build configuration list for PBXNativeTarget "PreworkTests" */;
			buildPhases = (
				9372E8B628C17B1800CDAD51 /* Sources */,
				9372E8B728C17B1800CDAD51 /* Frameworks */,
				9372E8B828C17B1800CDAD51 /* Resources */,
			);
			buildRules = (
			);
			dependencies = (
				9372E8BC28C17B1800CDAD51 /* PBXTargetDependency */,
			);
			name = PreworkTests;
			productName = PreworkTests;
			productReference = 9372E8BA28C17B1800CDAD51 /* PreworkTests.xctest */;
			productType = "com.apple.product-type.bundle.unit-test";
		};
		9372E8C328C17B1800CDAD51 /* PreworkUITests */ = {
			isa = PBXNativeTarget;
			buildConfigurationList = 9372E8D428C17B1800CDAD51 /* Build configuration list for PBXNativeTarget "PreworkUITests" */;
			buildPhases = (
				9372E8C028C17B1800CDAD51 /* Sources */,
				9372E8C128C17B1800CDAD51 /* Frameworks */,
				9372E8C228C17B1800CDAD51 /* Resources */,
			);
			buildRules = (
			);
			dependencies = (
				9372E8C628C17B1800CDAD51 /* PBXTargetDependency */,
			);
			name = PreworkUITests;
			productName = PreworkUITests;
			productReference = 9372E8C428C17B1800CDAD51 /* PreworkUITests.xctest */;
			productType = "com.apple.product-type.bundle.ui-testing";
		};
/* End PBXNativeTarget section */

/* Begin PBXProject section */
		9372E89C28C17B1400CDAD51 /* Project object */ = {
			isa = PBXProject;
			attributes = {
				BuildIndependentTargetsInParallel = 1;
				LastSwiftUpdateCheck = 1400;
				LastUpgradeCheck = 1400;
				TargetAttributes = {
					9372E8A328C17B1400CDAD51 = {
						CreatedOnToolsVersion = 14.0;
					};
					9372E8B928C17B1800CDAD51 = {
						CreatedOnToolsVersion = 14.0;
						TestTargetID = 9372E8A328C17B1400CDAD51;
					};
					9372E8C328C17B1800CDAD51 = {
						CreatedOnToolsVersion = 14.0;
						TestTargetID = 9372E8A328C17B1400CDAD51;
					};
				};
			};
			buildConfigurationList = 9372E89F28C17B1400CDAD51 /* Build configuration list for PBXProject "Prework" */;
			compatibilityVersion = "Xcode 14.0";
			developmentRegion = en;
			hasScannedForEncodings = 0;
			knownRegions = (
				en,
				Base,
			);
			mainGroup = 9372E89B28C17B1400CDAD51;
			productRefGroup = 9372E8A528C17B1400CDAD51 /* Products */;
			projectDirPath = "";
			projectRoot = "";
			targets = (
				9372E8A328C17B1400CDAD51 /* Prework */,
				9372E8B928C17B1800CDAD51 /* PreworkTests */,
				9372E8C328C17B1800CDAD51 /* PreworkUITests */,
			);
		};
/* End PBXProject section */

/* Begin PBXResourcesBuildPhase section */
		9372E8A228C17B1400CDAD51 /* Resources */ = {
			isa = PBXResourcesBuildPhase;
			buildActionMask = 2147483647;
			files = (
				9372E8B428C17B1700CDAD51 /* LaunchScreen.storyboard in Resources */,
				9372E8B128C17B1700CDAD51 /* Assets.xcassets in Resources */,
				9372E8AF28C17B1400CDAD51 /* Main.storyboard in Resources */,
			);
			runOnlyForDeploymentPostprocessing = 0;
		};
		9372E8B828C17B1800CDAD51 /* Resources */ = {
			isa = PBXResourcesBuildPhase;
			buildActionMask = 2147483647;
			files = (
			);
			runOnlyForDeploymentPostprocessing = 0;
		};
		9372E8C228C17B1800CDAD51 /* Resources */ = {
			isa = PBXResourcesBuildPhase;
			buildActionMask = 2147483647;
			files = (
			);
			runOnlyForDeploymentPostprocessing = 0;
		};
/* End PBXResourcesBuildPhase section */

/* Begin PBXSourcesBuildPhase section */
		9372E8A028C17B1400CDAD51 /* Sources */ = {
			isa = PBXSourcesBuildPhase;
			buildActionMask = 2147483647;
			files = (
				9372E8AC28C17B1400CDAD51 /* ViewController.swift in Sources */,
				9372E8A828C17B1400CDAD51 /* AppDelegate.swift in Sources */,
				9372E8AA28C17B1400CDAD51 /* SceneDelegate.swift in Sources */,
			);
			runOnlyForDeploymentPostprocessing = 0;
		};
		9372E8B628C17B1800CDAD51 /* Sources */ = {
			isa = PBXSourcesBuildPhase;
			buildActionMask = 2147483647;
			files = (
				9372E8BF28C17B1800CDAD51 /* PreworkTests.swift in Sources */,
			);
			runOnlyForDeploymentPostprocessing = 0;
		};
		9372E8C028C17B1800CDAD51 /* Sources */ = {
			isa = PBXSourcesBuildPhase;
			buildActionMask = 2147483647;
			files = (
				9372E8C928C17B1800CDAD51 /* PreworkUITests.swift in Sources */,
				9372E8CB28C17B1800CDAD51 /* PreworkUITestsLaunchTests.swift in Sources */,
			);
			runOnlyForDeploymentPostprocessing = 0;
		};
/* End PBXSourcesBuildPhase section */

/* Begin PBXTargetDependency section */
		9372E8BC28C17B1800CDAD51 /* PBXTargetDependency */ = {
			isa = PBXTargetDependency;
			target = 9372E8A328C17B1400CDAD51 /* Prework */;
			targetProxy = 9372E8BB28C17B1800CDAD51 /* PBXContainerItemProxy */;
		};
		9372E8C628C17B1800CDAD51 /* PBXTargetDependency */ = {
			isa = PBXTargetDependency;
			target = 9372E8A328C17B1400CDAD51 /* Prework */;
			targetProxy = 9372E8C528C17B1800CDAD51 /* PBXContainerItemProxy */;
		};
/* End PBXTargetDependency section */

/* Begin PBXVariantGroup section */
		9372E8AD28C17B1400CDAD51 /* Main.storyboard */ = {
			isa = PBXVariantGroup;
			children = (
				9372E8AE28C17B1400CDAD51 /* Base */,
			);
			name = Main.storyboard;
			sourceTree = "<group>";
		};
		9372E8B228C17B1700CDAD51 /* LaunchScreen.storyboard */ = {
			isa = PBXVariantGroup;
			children = (
				9372E8B328C17B1700CDAD51 /* Base */,
			);
			name = LaunchScreen.storyboard;
			sourceTree = "<group>";
		};
/* End PBXVariantGroup section */

/* Begin XCBuildConfiguration section */
		9372E8CC28C17B1800CDAD51 /* Debug */ = {
			isa = XCBuildConfiguration;
			buildSettings = {
				ALWAYS_SEARCH_USER_PATHS = NO;
				CLANG_ANALYZER_NONNULL = YES;
				CLANG_ANALYZER_NUMBER_OBJECT_CONVERSION = YES_AGGRESSIVE;
				CLANG_CXX_LANGUAGE_STANDARD = "gnu++20";
				CLANG_ENABLE_MODULES = YES;
				CLANG_ENABLE_OBJC_ARC = YES;
				CLANG_ENABLE_OBJC_WEAK = YES;
				CLANG_WARN_BLOCK_CAPTURE_AUTORELEASING = YES;
				CLANG_WARN_BOOL_CONVERSION = YES;
				CLANG_WARN_COMMA = YES;
				CLANG_WARN_CONSTANT_CONVERSION = YES;
				CLANG_WARN_DEPRECATED_OBJC_IMPLEMENTATIONS = YES;
				CLANG_WARN_DIRECT_OBJC_ISA_USAGE = YES_ERROR;
				CLANG_WARN_DOCUMENTATION_COMMENTS = YES;
				CLANG_WARN_EMPTY_BODY = YES;
				CLANG_WARN_ENUM_CONVERSION = YES;
				CLANG_WARN_INFINITE_RECURSION = YES;
				CLANG_WARN_INT_CONVERSION = YES;
				CLANG_WARN_NON_LITERAL_NULL_CONVERSION = YES;
				CLANG_WARN_OBJC_IMPLICIT_RETAIN_SELF = YES;
				CLANG_WARN_OBJC_LITERAL_CONVERSION = YES;
				CLANG_WARN_OBJC_ROOT_CLASS = YES_ERROR;
				CLANG_WARN_QUOTED_INCLUDE_IN_FRAMEWORK_HEADER = YES;
				CLANG_WARN_RANGE_LOOP_ANALYSIS = YES;
				CLANG_WARN_STRICT_PROTOTYPES = YES;
				CLANG_WARN_SUSPICIOUS_MOVE = YES;
				CLANG_WARN_UNGUARDED_AVAILABILITY = YES_AGGRESSIVE;
				CLANG_WARN_UNREACHABLE_CODE = YES;
				CLANG_WARN__DUPLICATE_METHOD_MATCH = YES;
				COPY_PHASE_STRIP = NO;
				DEBUG_INFORMATION_FORMAT = dwarf;
				ENABLE_STRICT_OBJC_MSGSEND = YES;
				ENABLE_TESTABILITY = YES;
				GCC_C_LANGUAGE_STANDARD = gnu11;
				GCC_DYNAMIC_NO_PIC = NO;
				GCC_NO_COMMON_BLOCKS = YES;
				GCC_OPTIMIZATION_LEVEL = 0;
				GCC_PREPROCESSOR_DEFINITIONS = (
					"DEBUG=1",
					"$(inherited)",
				);
				GCC_WARN_64_TO_32_BIT_CONVERSION = YES;
				GCC_WARN_ABOUT_RETURN_TYPE = YES_ERROR;
				GCC_WARN_UNDECLARED_SELECTOR = YES;
				GCC_WARN_UNINITIALIZED_AUTOS = YES_AGGRESSIVE;
				GCC_WARN_UNUSED_FUNCTION = YES;
				GCC_WARN_UNUSED_VARIABLE = YES;
				IPHONEOS_DEPLOYMENT_TARGET = 16.0;
				MTL_ENABLE_DEBUG_INFO = INCLUDE_SOURCE;
				MTL_FAST_MATH = YES;
				ONLY_ACTIVE_ARCH = YES;
				SDKROOT = iphoneos;
				SWIFT_ACTIVE_COMPILATION_CONDITIONS = DEBUG;
				SWIFT_OPTIMIZATION_LEVEL = "-Onone";
			};
			name = Debug;
		};
		9372E8CD28C17B1800CDAD51 /* Release */ = {
			isa = XCBuildConfiguration;
			buildSettings = {
				ALWAYS_SEARCH_USER_PATHS = NO;
				CLANG_ANALYZER_NONNULL = YES;
				CLANG_ANALYZER_NUMBER_OBJECT_CONVERSION = YES_AGGRESSIVE;
				CLANG_CXX_LANGUAGE_STANDARD = "gnu++20";
				CLANG_ENABLE_MODULES = YES;
				CLANG_ENABLE_OBJC_ARC = YES;
				CLANG_ENABLE_OBJC_WEAK = YES;
				CLANG_WARN_BLOCK_CAPTURE_AUTORELEASING = YES;
				CLANG_WARN_BOOL_CONVERSION = YES;
				CLANG_WARN_COMMA = YES;
				CLANG_WARN_CONSTANT_CONVERSION = YES;
				CLANG_WARN_DEPRECATED_OBJC_IMPLEMENTATIONS = YES;
				CLANG_WARN_DIRECT_OBJC_ISA_USAGE = YES_ERROR;
				CLANG_WARN_DOCUMENTATION_COMMENTS = YES;
				CLANG_WARN_EMPTY_BODY = YES;
				CLANG_WARN_ENUM_CONVERSION = YES;
				CLANG_WARN_INFINITE_RECURSION = YES;
				CLANG_WARN_INT_CONVERSION = YES;
				CLANG_WARN_NON_LITERAL_NULL_CONVERSION = YES;
				CLANG_WARN_OBJC_IMPLICIT_RETAIN_SELF = YES;
				CLANG_WARN_OBJC_LITERAL_CONVERSION = YES;
				CLANG_WARN_OBJC_ROOT_CLASS = YES_ERROR;
				CLANG_WARN_QUOTED_INCLUDE_IN_FRAMEWORK_HEADER = YES;
				CLANG_WARN_RANGE_LOOP_ANALYSIS = YES;
				CLANG_WARN_STRICT_PROTOTYPES = YES;
				CLANG_WARN_SUSPICIOUS_MOVE = YES;
				CLANG_WARN_UNGUARDED_AVAILABILITY = YES_AGGRESSIVE;
				CLANG_WARN_UNREACHABLE_CODE = YES;
				CLANG_WARN__DUPLICATE_METHOD_MATCH = YES;
				COPY_PHASE_STRIP = NO;
				DEBUG_INFORMATION_FORMAT = "dwarf-with-dsym";
				ENABLE_NS_ASSERTIONS = NO;
				ENABLE_STRICT_OBJC_MSGSEND = YES;
				GCC_C_LANGUAGE_STANDARD = gnu11;
				GCC_NO_COMMON_BLOCKS = YES;
				GCC_WARN_64_TO_32_BIT_CONVERSION = YES;
				GCC_WARN_ABOUT_RETURN_TYPE = YES_ERROR;
				GCC_WARN_UNDECLARED_SELECTOR = YES;
				GCC_WARN_UNINITIALIZED_AUTOS = YES_AGGRESSIVE;
				GCC_WARN_UNUSED_FUNCTION = YES;
				GCC_WARN_UNUSED_VARIABLE = YES;
				IPHONEOS_DEPLOYMENT_TARGET = 16.0;
				MTL_ENABLE_DEBUG_INFO = NO;
				MTL_FAST_MATH = YES;
				SDKROOT = iphoneos;
				SWIFT_COMPILATION_MODE = wholemodule;
				SWIFT_OPTIMIZATION_LEVEL = "-O";
				VALIDATE_PRODUCT = YES;
			};
			name = Release;
		};
		9372E8CF28C17B1800CDAD51 /* Debug */ = {
			isa = XCBuildConfiguration;
			buildSettings = {
				ASSETCATALOG_COMPILER_APPICON_NAME = AppIcon;
				ASSETCATALOG_COMPILER_GLOBAL_ACCENT_COLOR_NAME = AccentColor;
				CODE_SIGN_STYLE = Automatic;
				CURRENT_PROJECT_VERSION = 1;
				GENERATE_INFOPLIST_FILE = YES;
				INFOPLIST_FILE = Prework/Info.plist;
				INFOPLIST_KEY_UIApplicationSupportsIndirectInputEvents = YES;
				INFOPLIST_KEY_UILaunchStoryboardName = LaunchScreen;
				INFOPLIST_KEY_UIMainStoryboardFile = Main;
				INFOPLIST_KEY_UISupportedInterfaceOrientations_iPad = "UIInterfaceOrientationPortrait UIInterfaceOrientationPortraitUpsideDown UIInterfaceOrientationLandscapeLeft UIInterfaceOrientationLandscapeRight";
				INFOPLIST_KEY_UISupportedInterfaceOrientations_iPhone = "UIInterfaceOrientationPortrait UIInterfaceOrientationLandscapeLeft UIInterfaceOrientationLandscapeRight";
				LD_RUNPATH_SEARCH_PATHS = (
					"$(inherited)",
					"@executable_path/Frameworks",
				);
				MARKETING_VERSION = 1.0;
				PRODUCT_BUNDLE_IDENTIFIER = CSUMB.Prework;
				PRODUCT_NAME = "$(TARGET_NAME)";
				SWIFT_EMIT_LOC_STRINGS = YES;
				SWIFT_VERSION = 5.0;
				TARGETED_DEVICE_FAMILY = "1,2";
			};
			name = Debug;
		};
		9372E8D028C17B1800CDAD51 /* Release */ = {
			isa = XCBuildConfiguration;
			buildSettings = {
				ASSETCATALOG_COMPILER_APPICON_NAME = AppIcon;
				ASSETCATALOG_COMPILER_GLOBAL_ACCENT_COLOR_NAME = AccentColor;
				CODE_SIGN_STYLE = Automatic;
				CURRENT_PROJECT_VERSION = 1;
				GENERATE_INFOPLIST_FILE = YES;
				INFOPLIST_FILE = Prework/Info.plist;
				INFOPLIST_KEY_UIApplicationSupportsIndirectInputEvents = YES;
				INFOPLIST_KEY_UILaunchStoryboardName = LaunchScreen;
				INFOPLIST_KEY_UIMainStoryboardFile = Main;
				INFOPLIST_KEY_UISupportedInterfaceOrientations_iPad = "UIInterfaceOrientationPortrait UIInterfaceOrientationPortraitUpsideDown UIInterfaceOrientationLandscapeLeft UIInterfaceOrientationLandscapeRight";
				INFOPLIST_KEY_UISupportedInterfaceOrientations_iPhone = "UIInterfaceOrientationPortrait UIInterfaceOrientationLandscapeLeft UIInterfaceOrientationLandscapeRight";
				LD_RUNPATH_SEARCH_PATHS = (
					"$(inherited)",
					"@executable_path/Frameworks",
				);
				MARKETING_VERSION = 1.0;
				PRODUCT_BUNDLE_IDENTIFIER = CSUMB.Prework;
				PRODUCT_NAME = "$(TARGET_NAME)";
				SWIFT_EMIT_LOC_STRINGS = YES;
				SWIFT_VERSION = 5.0;
				TARGETED_DEVICE_FAMILY = "1,2";
			};
			name = Release;
		};
		9372E8D228C17B1800CDAD51 /* Debug */ = {
			isa = XCBuildConfiguration;
			buildSettings = {
				ALWAYS_EMBED_SWIFT_STANDARD_LIBRARIES = YES;
				BUNDLE_LOADER = "$(TEST_HOST)";
				CODE_SIGN_STYLE = Automatic;
				CURRENT_PROJECT_VERSION = 1;
				GENERATE_INFOPLIST_FILE = YES;
				IPHONEOS_DEPLOYMENT_TARGET = 16.0;
				MARKETING_VERSION = 1.0;
				PRODUCT_BUNDLE_IDENTIFIER = CSUMB.PreworkTests;
				PRODUCT_NAME = "$(TARGET_NAME)";
				SWIFT_EMIT_LOC_STRINGS = NO;
				SWIFT_VERSION = 5.0;
				TARGETED_DEVICE_FAMILY = "1,2";
				TEST_HOST = "$(BUILT_PRODUCTS_DIR)/Prework.app/$(BUNDLE_EXECUTABLE_FOLDER_PATH)/Prework";
			};
			name = Debug;
		};
		9372E8D328C17B1800CDAD51 /* Release */ = {
			isa = XCBuildConfiguration;
			buildSettings = {
				ALWAYS_EMBED_SWIFT_STANDARD_LIBRARIES = YES;
				BUNDLE_LOADER = "$(TEST_HOST)";
				CODE_SIGN_STYLE = Automatic;
				CURRENT_PROJECT_VERSION = 1;
				GENERATE_INFOPLIST_FILE = YES;
				IPHONEOS_DEPLOYMENT_TARGET = 16.0;
				MARKETING_VERSION = 1.0;
				PRODUCT_BUNDLE_IDENTIFIER = CSUMB.PreworkTests;
				PRODUCT_NAME = "$(TARGET_NAME)";
				SWIFT_EMIT_LOC_STRINGS = NO;
				SWIFT_VERSION = 5.0;
				TARGETED_DEVICE_FAMILY = "1,2";
				TEST_HOST = "$(BUILT_PRODUCTS_DIR)/Prework.app/$(BUNDLE_EXECUTABLE_FOLDER_PATH)/Prework";
			};
			name = Release;
		};
		9372E8D528C17B1800CDAD51 /* Debug */ = {
			isa = XCBuildConfiguration;
			buildSettings = {
				ALWAYS_EMBED_SWIFT_STANDARD_LIBRARIES = YES;
				CODE_SIGN_STYLE = Automatic;
				CURRENT_PROJECT_VERSION = 1;
				GENERATE_INFOPLIST_FILE = YES;
				MARKETING_VERSION = 1.0;
				PRODUCT_BUNDLE_IDENTIFIER = CSUMB.PreworkUITests;
				PRODUCT_NAME = "$(TARGET_NAME)";
				SWIFT_EMIT_LOC_STRINGS = NO;
				SWIFT_VERSION = 5.0;
				TARGETED_DEVICE_FAMILY = "1,2";
				TEST_TARGET_NAME = Prework;
			};
			name = Debug;
		};
		9372E8D628C17B1800CDAD51 /* Release */ = {
			isa = XCBuildConfiguration;
			buildSettings = {
				ALWAYS_EMBED_SWIFT_STANDARD_LIBRARIES = YES;
				CODE_SIGN_STYLE = Automatic;
				CURRENT_PROJECT_VERSION = 1;
				GENERATE_INFOPLIST_FILE = YES;
				MARKETING_VERSION = 1.0;
				PRODUCT_BUNDLE_IDENTIFIER = CSUMB.PreworkUITests;
				PRODUCT_NAME = "$(TARGET_NAME)";
				SWIFT_EMIT_LOC_STRINGS = NO;
				SWIFT_VERSION = 5.0;
				TARGETED_DEVICE_FAMILY = "1,2";
				TEST_TARGET_NAME = Prework;
			};
			name = Release;
		};
/* End XCBuildConfiguration section */

/* Begin XCConfigurationList section */
		9372E89F28C17B1400CDAD51 /* Build configuration list for PBXProject "Prework" */ = {
			isa = XCConfigurationList;
			buildConfigurations = (
				9372E8CC28C17B1800CDAD51 /* Debug */,
				9372E8CD28C17B1800CDAD51 /* Release */,
			);
			defaultConfigurationIsVisible = 0;
			defaultConfigurationName = Release;
		};
		9372E8CE28C17B1800CDAD51 /* Build configuration list for PBXNativeTarget "Prework" */ = {
			isa = XCConfigurationList;
			buildConfigurations = (
				9372E8CF28C17B1800CDAD51 /* Debug */,
				9372E8D028C17B1800CDAD51 /* Release */,
			);
			defaultConfigurationIsVisible = 0;
			defaultConfigurationName = Release;
		};
		9372E8D128C17B1800CDAD51 /* Build configuration list for PBXNativeTarget "PreworkTests" */ = {
			isa = XCConfigurationList;
			buildConfigurations = (
				9372E8D228C17B1800CDAD51 /* Debug */,
				9372E8D328C17B1800CDAD51 /* Release */,
			);
			defaultConfigurationIsVisible = 0;
			defaultConfigurationName = Release;
		};
		9372E8D428C17B1800CDAD51 /* Build configuration list for PBXNativeTarget "PreworkUITests" */ = {
			isa = XCConfigurationList;
			buildConfigurations = (
				9372E8D528C17B1800CDAD51 /* Debug */,
				9372E8D628C17B1800CDAD51 /* Release */,
			);
			defaultConfigurationIsVisible = 0;
			defaultConfigurationName = Release;
		};
/* End XCConfigurationList section */
	};
	rootObject = 9372E89C28C17B1400CDAD51 /* Project object */;
}
